PODS:
  - Alamofire (3.2.1)
  - Firebase (2.5.1)
  - GoogleMaps (1.12.3)
  - IQKeyboardManagerSwift (4.0.0)
  - SwiftyJSON (2.3.2)

DEPENDENCIES:
  - Alamofire
  - Firebase
  - GoogleMaps
  - IQKeyboardManagerSwift (= 4.0.0)
  - SwiftyJSON

SPEC CHECKSUMS:
  Alamofire: f11d8624a05f5d39e0c99309b3e600a3ba64298a
  Firebase: 3565ea88b830f28f2c77ecc524622bc71a20d085
  GoogleMaps: a4ac67918d0b5ba5f6b9893ac80487e357779e6c
  IQKeyboardManagerSwift: ede2a27b4e1ce053d03073b9c7fa439322f5e405
  SwiftyJSON: 04ccea08915aa0109039157c7974cf0298da292a

PODFILE CHECKSUM: ac245196d4fccdc088ef2593f1985e103b0bd414

COCOAPODS: 1.0.0.beta.8
